apiVersion: vendir.k14s.io/v1alpha1
directories:
- contents:
  - git:
      commitTitle: Automated update for release v0.13.7
      sha: b96bce642175ec99ed4b3e29e552c2e4f7aeaafd
      tags:
      - v0.13.7
    path: .
  path: platform/baseline/metallb/upstream
- contents:
  - git:
      commitTitle: tag images for 2.7 release (#2058)
      sha: 72a6a29f486df1feff9ebc0e1807f6c55a864ac8
      tags:
      - v2.7.0
    path: .
  path: platform/baseline/vsphere-csi-driver/upstream
- contents:
  - git:
      commitTitle: bump golang 1.18.5 version digest in Dockerfile (#4413) (#4876)...
      sha: 9304d5b101d42ed4823c2a03378138b01b9b0dcd
      tags:
      - v1.7.5
    path: .
  path: platform/baseline/kyverno/upstream
kind: LockConfig
